
Microsoft Visual Studio Solution File, Format Version 12.00
# Visual Studio Version 17
VisualStudioVersion = 17.9.34607.119
MinimumVisualStudioVersion = 10.0.40219.1
Project("{FAE04EC0-301F-11D3-BF4B-00C04F79EFBC}") = "Entities", "Entities\Entities.csproj", "{6BC9FA9E-CF8D-4403-8E87-7C42D218883F}"
EndProject
Project("{FAE04EC0-301F-11D3-BF4B-00C04F79EFBC}") = "DataAccess", "DataAccess\DataAccess.csproj", "{60835EC3-85ED-4D88-A9F0-CA0C086231FA}"
EndProject
Project("{FAE04EC0-301F-11D3-BF4B-00C04F79EFBC}") = "Business", "Business\Business.csproj", "{7F789823-2C47-4D1A-96D7-3508ACA6E617}"
EndProject
Project("{FAE04EC0-301F-11D3-BF4B-00C04F79EFBC}") = "Core", "Core\Core.csproj", "{1C42682E-727B-49AA-9F06-9A0F2C8D8447}"
EndProject
Project("{FAE04EC0-301F-11D3-BF4B-00C04F79EFBC}") = "WebApi", "WebApi\WebApi.csproj", "{332BD789-A99D-4438-BFFE-757E5D6EF713}"
EndProject
Global
	GlobalSection(SolutionConfigurationPlatforms) = preSolution
		Debug|Any CPU = Debug|Any CPU
		Release|Any CPU = Release|Any CPU
	EndGlobalSection
	GlobalSection(ProjectConfigurationPlatforms) = postSolution
		{6BC9FA9E-CF8D-4403-8E87-7C42D218883F}.Debug|Any CPU.ActiveCfg = Debug|Any CPU
		{6BC9FA9E-CF8D-4403-8E87-7C42D218883F}.Debug|Any CPU.Build.0 = Debug|Any CPU
		{6BC9FA9E-CF8D-4403-8E87-7C42D218883F}.Release|Any CPU.ActiveCfg = Release|Any CPU
		{6BC9FA9E-CF8D-4403-8E87-7C42D218883F}.Release|Any CPU.Build.0 = Release|Any CPU
		{60835EC3-85ED-4D88-A9F0-CA0C086231FA}.Debug|Any CPU.ActiveCfg = Debug|Any CPU
		{60835EC3-85ED-4D88-A9F0-CA0C086231FA}.Debug|Any CPU.Build.0 = Debug|Any CPU
		{60835EC3-85ED-4D88-A9F0-CA0C086231FA}.Release|Any CPU.ActiveCfg = Release|Any CPU
		{60835EC3-85ED-4D88-A9F0-CA0C086231FA}.Release|Any CPU.Build.0 = Release|Any CPU
		{7F789823-2C47-4D1A-96D7-3508ACA6E617}.Debug|Any CPU.ActiveCfg = Debug|Any CPU
		{7F789823-2C47-4D1A-96D7-3508ACA6E617}.Debug|Any CPU.Build.0 = Debug|Any CPU
		{7F789823-2C47-4D1A-96D7-3508ACA6E617}.Release|Any CPU.ActiveCfg = Release|Any CPU
		{7F789823-2C47-4D1A-96D7-3508ACA6E617}.Release|Any CPU.Build.0 = Release|Any CPU
		{1C42682E-727B-49AA-9F06-9A0F2C8D8447}.Debug|Any CPU.ActiveCfg = Debug|Any CPU
		{1C42682E-727B-49AA-9F06-9A0F2C8D8447}.Debug|Any CPU.Build.0 = Debug|Any CPU
		{1C42682E-727B-49AA-9F06-9A0F2C8D8447}.Release|Any CPU.ActiveCfg = Release|Any CPU
		{1C42682E-727B-49AA-9F06-9A0F2C8D8447}.Release|Any CPU.Build.0 = Release|Any CPU
		{332BD789-A99D-4438-BFFE-757E5D6EF713}.Debug|Any CPU.ActiveCfg = Debug|Any CPU
		{332BD789-A99D-4438-BFFE-757E5D6EF713}.Debug|Any CPU.Build.0 = Debug|Any CPU
		{332BD789-A99D-4438-BFFE-757E5D6EF713}.Release|Any CPU.ActiveCfg = Release|Any CPU
		{332BD789-A99D-4438-BFFE-757E5D6EF713}.Release|Any CPU.Build.0 = Release|Any CPU
	EndGlobalSection
	GlobalSection(SolutionProperties) = preSolution
		HideSolutionNode = FALSE
	EndGlobalSection
	GlobalSection(ExtensibilityGlobals) = postSolution
		SolutionGuid = {68F26FBB-0441-4FD6-825D-CAD3D47205BC}
	EndGlobalSection
EndGlobal
