
Microsoft Visual Studio Solution File, Format Version 12.00
# Visual Studio Version 17
VisualStudioVersion = 17.9.34607.119
MinimumVisualStudioVersion = 10.0.40219.1
Project("{9A19103F-16F7-4668-BE54-9A1E7A4F7556}") = "WebApi2", "WebApi2\WebApi2.csproj", "{2AFA2867-A93D-4B66-8E58-6979DB05132C}"
EndProject
Project("{9A19103F-16F7-4668-BE54-9A1E7A4F7556}") = "DataAccess", "DataAccess\DataAccess.csproj", "{5FA3F6B7-6CEB-4719-95B4-D9A477AEEABB}"
EndProject
Project("{9A19103F-16F7-4668-BE54-9A1E7A4F7556}") = "Business", "Business\Business.csproj", "{17695D20-D22A-432A-8D35-A1989F21715D}"
EndProject
Project("{9A19103F-16F7-4668-BE54-9A1E7A4F7556}") = "Entities", "Entities\Entities.csproj", "{5726F87F-866B-41FF-9A5B-33EA39232F74}"
EndProject
Project("{9A19103F-16F7-4668-BE54-9A1E7A4F7556}") = "Core", "Core\Core.csproj", "{56A16DC5-DA32-4298-A655-B815AFC0A4DB}"
EndProject
Project("{2150E333-8FDC-42A3-9474-1A3956D46DE8}") = "Solution Items", "Solution Items", "{4B52406E-47F3-4E74-A785-C4DC7BE55BAA}"
	ProjectSection(SolutionItems) = preProject
		.editorconfig = .editorconfig
	EndProjectSection
EndProject
Global
	GlobalSection(SolutionConfigurationPlatforms) = preSolution
		Debug|Any CPU = Debug|Any CPU
		Release|Any CPU = Release|Any CPU
	EndGlobalSection
	GlobalSection(ProjectConfigurationPlatforms) = postSolution
		{2AFA2867-A93D-4B66-8E58-6979DB05132C}.Debug|Any CPU.ActiveCfg = Debug|Any CPU
		{2AFA2867-A93D-4B66-8E58-6979DB05132C}.Debug|Any CPU.Build.0 = Debug|Any CPU
		{2AFA2867-A93D-4B66-8E58-6979DB05132C}.Release|Any CPU.ActiveCfg = Release|Any CPU
		{2AFA2867-A93D-4B66-8E58-6979DB05132C}.Release|Any CPU.Build.0 = Release|Any CPU
		{5FA3F6B7-6CEB-4719-95B4-D9A477AEEABB}.Debug|Any CPU.ActiveCfg = Debug|Any CPU
		{5FA3F6B7-6CEB-4719-95B4-D9A477AEEABB}.Debug|Any CPU.Build.0 = Debug|Any CPU
		{5FA3F6B7-6CEB-4719-95B4-D9A477AEEABB}.Release|Any CPU.ActiveCfg = Release|Any CPU
		{5FA3F6B7-6CEB-4719-95B4-D9A477AEEABB}.Release|Any CPU.Build.0 = Release|Any CPU
		{17695D20-D22A-432A-8D35-A1989F21715D}.Debug|Any CPU.ActiveCfg = Debug|Any CPU
		{17695D20-D22A-432A-8D35-A1989F21715D}.Debug|Any CPU.Build.0 = Debug|Any CPU
		{17695D20-D22A-432A-8D35-A1989F21715D}.Release|Any CPU.ActiveCfg = Release|Any CPU
		{17695D20-D22A-432A-8D35-A1989F21715D}.Release|Any CPU.Build.0 = Release|Any CPU
		{5726F87F-866B-41FF-9A5B-33EA39232F74}.Debug|Any CPU.ActiveCfg = Debug|Any CPU
		{5726F87F-866B-41FF-9A5B-33EA39232F74}.Debug|Any CPU.Build.0 = Debug|Any CPU
		{5726F87F-866B-41FF-9A5B-33EA39232F74}.Release|Any CPU.ActiveCfg = Release|Any CPU
		{5726F87F-866B-41FF-9A5B-33EA39232F74}.Release|Any CPU.Build.0 = Release|Any CPU
		{56A16DC5-DA32-4298-A655-B815AFC0A4DB}.Debug|Any CPU.ActiveCfg = Debug|Any CPU
		{56A16DC5-DA32-4298-A655-B815AFC0A4DB}.Debug|Any CPU.Build.0 = Debug|Any CPU
		{56A16DC5-DA32-4298-A655-B815AFC0A4DB}.Release|Any CPU.ActiveCfg = Release|Any CPU
		{56A16DC5-DA32-4298-A655-B815AFC0A4DB}.Release|Any CPU.Build.0 = Release|Any CPU
	EndGlobalSection
	GlobalSection(SolutionProperties) = preSolution
		HideSolutionNode = FALSE
	EndGlobalSection
	GlobalSection(ExtensibilityGlobals) = postSolution
		SolutionGuid = {46AB8CCD-94DD-44F3-85A0-CA9439EF330D}
	EndGlobalSection
EndGlobal
